// !$*UTF8*$!
{
	archiveVersion = 1;
	classes = {
	};
	objectVersion = 48;
	objects = {

/* Begin PBXBuildFile section */
		7C70D4301F94DD720067772E /* AppDelegate.swift in Sources */ = {isa = PBXBuildFile; fileRef = 7C70D42F1F94DD720067772E /* AppDelegate.swift */; };
		7C70D4321F94DD720067772E /* ViewController.swift in Sources */ = {isa = PBXBuildFile; fileRef = 7C70D4311F94DD720067772E /* ViewController.swift */; };
		7C70D4351F94DD720067772E /* Main.storyboard in Resources */ = {isa = PBXBuildFile; fileRef = 7C70D4331F94DD720067772E /* Main.storyboard */; };
		7C70D4371F94DD720067772E /* Assets.xcassets in Resources */ = {isa = PBXBuildFile; fileRef = 7C70D4361F94DD720067772E /* Assets.xcassets */; };
		7C70D43A1F94DD720067772E /* LaunchScreen.storyboard in Resources */ = {isa = PBXBuildFile; fileRef = 7C70D4381F94DD720067772E /* LaunchScreen.storyboard */; };
		7C70D4451F94DD730067772E /* DynamicSwiftTests.swift in Sources */ = {isa = PBXBuildFile; fileRef = 7C70D4441F94DD730067772E /* DynamicSwiftTests.swift */; };
		7C70D4501F94DD730067772E /* DynamicSwiftUITests.swift in Sources */ = {isa = PBXBuildFile; fileRef = 7C70D44F1F94DD730067772E /* DynamicSwiftUITests.swift */; };
		7C70D45F1F94DDAC0067772E /* CustomTableViewCell.swift in Sources */ = {isa = PBXBuildFile; fileRef = 7C70D45D1F94DDAC0067772E /* CustomTableViewCell.swift */; };
		7C70D4601F94DDAC0067772E /* CustomTableViewCell.xib in Resources */ = {isa = PBXBuildFile; fileRef = 7C70D45E1F94DDAC0067772E /* CustomTableViewCell.xib */; };
		7C70D4631F94E7950067772E /* CustomCollectionViewController.swift in Sources */ = {isa = PBXBuildFile; fileRef = 7C70D4621F94E7950067772E /* CustomCollectionViewController.swift */; };
		7C70D4661F94E9000067772E /* CustomCollectionViewCell.swift in Sources */ = {isa = PBXBuildFile; fileRef = 7C70D4641F94E9000067772E /* CustomCollectionViewCell.swift */; };
		7C70D4671F94E9000067772E /* CustomCollectionViewCell.xib in Resources */ = {isa = PBXBuildFile; fileRef = 7C70D4651F94E9000067772E /* CustomCollectionViewCell.xib */; };
/* End PBXBuildFile section */

/* Begin PBXContainerItemProxy section */
		7C70D4411F94DD730067772E /* PBXContainerItemProxy */ = {
			isa = PBXContainerItemProxy;
			containerPortal = 7C70D4241F94DD720067772E /* Project object */;
			proxyType = 1;
			remoteGlobalIDString = 7C70D42B1F94DD720067772E;
			remoteInfo = DynamicSwift;
		};
		7C70D44C1F94DD730067772E /* PBXContainerItemProxy */ = {
			isa = PBXContainerItemProxy;
			containerPortal = 7C70D4241F94DD720067772E /* Project object */;
			proxyType = 1;
			remoteGlobalIDString = 7C70D42B1F94DD720067772E;
			remoteInfo = DynamicSwift;
		};
/* End PBXContainerItemProxy section */

/* Begin PBXFileReference section */
		7C70D42C1F94DD720067772E /* DynamicSwift.app */ = {isa = PBXFileReference; explicitFileType = wrapper.application; includeInIndex = 0; path = DynamicSwift.app; sourceTree = BUILT_PRODUCTS_DIR; };
		7C70D42F1F94DD720067772E /* AppDelegate.swift */ = {isa = PBXFileReference; lastKnownFileType = sourcecode.swift; path = AppDelegate.swift; sourceTree = "<group>"; };
		7C70D4311F94DD720067772E /* ViewController.swift */ = {isa = PBXFileReference; lastKnownFileType = sourcecode.swift; path = ViewController.swift; sourceTree = "<group>"; };
		7C70D4341F94DD720067772E /* Base */ = {isa = PBXFileReference; lastKnownFileType = file.storyboard; name = Base; path = Base.lproj/Main.storyboard; sourceTree = "<group>"; };
		7C70D4361F94DD720067772E /* Assets.xcassets */ = {isa = PBXFileReference; lastKnownFileType = folder.assetcatalog; path = Assets.xcassets; sourceTree = "<group>"; };
		7C70D4391F94DD720067772E /* Base */ = {isa = PBXFileReference; lastKnownFileType = file.storyboard; name = Base; path = Base.lproj/LaunchScreen.storyboard; sourceTree = "<group>"; };
		7C70D43B1F94DD720067772E /* Info.plist */ = {isa = PBXFileReference; lastKnownFileType = text.plist.xml; path = Info.plist; sourceTree = "<group>"; };
		7C70D4401F94DD730067772E /* DynamicSwiftTests.xctest */ = {isa = PBXFileReference; explicitFileType = wrapper.cfbundle; includeInIndex = 0; path = DynamicSwiftTests.xctest; sourceTree = BUILT_PRODUCTS_DIR; };
		7C70D4441F94DD730067772E /* DynamicSwiftTests.swift */ = {isa = PBXFileReference; lastKnownFileType = sourcecode.swift; path = DynamicSwiftTests.swift; sourceTree = "<group>"; };
		7C70D4461F94DD730067772E /* Info.plist */ = {isa = PBXFileReference; lastKnownFileType = text.plist.xml; path = Info.plist; sourceTree = "<group>"; };
		7C70D44B1F94DD730067772E /* DynamicSwiftUITests.xctest */ = {isa = PBXFileReference; explicitFileType = wrapper.cfbundle; includeInIndex = 0; path = DynamicSwiftUITests.xctest; sourceTree = BUILT_PRODUCTS_DIR; };
		7C70D44F1F94DD730067772E /* DynamicSwiftUITests.swift */ = {isa = PBXFileReference; lastKnownFileType = sourcecode.swift; path = DynamicSwiftUITests.swift; sourceTree = "<group>"; };
		7C70D4511F94DD730067772E /* Info.plist */ = {isa = PBXFileReference; lastKnownFileType = text.plist.xml; path = Info.plist; sourceTree = "<group>"; };
		7C70D45D1F94DDAC0067772E /* CustomTableViewCell.swift */ = {isa = PBXFileReference; lastKnownFileType = sourcecode.swift; path = CustomTableViewCell.swift; sourceTree = "<group>"; };
		7C70D45E1F94DDAC0067772E /* CustomTableViewCell.xib */ = {isa = PBXFileReference; lastKnownFileType = file.xib; path = CustomTableViewCell.xib; sourceTree = "<group>"; };
		7C70D4621F94E7950067772E /* CustomCollectionViewController.swift */ = {isa = PBXFileReference; lastKnownFileType = sourcecode.swift; path = CustomCollectionViewController.swift; sourceTree = "<group>"; };
		7C70D4641F94E9000067772E /* CustomCollectionViewCell.swift */ = {isa = PBXFileReference; lastKnownFileType = sourcecode.swift; path = CustomCollectionViewCell.swift; sourceTree = "<group>"; };
		7C70D4651F94E9000067772E /* CustomCollectionViewCell.xib */ = {isa = PBXFileReference; lastKnownFileType = file.xib; path = CustomCollectionViewCell.xib; sourceTree = "<group>"; };
/* End PBXFileReference section */

/* Begin PBXFrameworksBuildPhase section */
		7C70D4291F94DD720067772E /* Frameworks */ = {
			isa = PBXFrameworksBuildPhase;
			buildActionMask = 2147483647;
			files = (
			);
			runOnlyForDeploymentPostprocessing = 0;
		};
		7C70D43D1F94DD730067772E /* Frameworks */ = {
			isa = PBXFrameworksBuildPhase;
			buildActionMask = 2147483647;
			files = (
			);
			runOnlyForDeploymentPostprocessing = 0;
		};
		7C70D4481F94DD730067772E /* Frameworks */ = {
			isa = PBXFrameworksBuildPhase;
			buildActionMask = 2147483647;
			files = (
			);
			runOnlyForDeploymentPostprocessing = 0;
		};
/* End PBXFrameworksBuildPhase section */

/* Begin PBXGroup section */
		7C70D4231F94DD720067772E = {
			isa = PBXGroup;
			children = (
				7C70D42E1F94DD720067772E /* DynamicSwift */,
				7C70D4431F94DD730067772E /* DynamicSwiftTests */,
				7C70D44E1F94DD730067772E /* DynamicSwiftUITests */,
				7C70D42D1F94DD720067772E /* Products */,
			);
			sourceTree = "<group>";
		};
		7C70D42D1F94DD720067772E /* Products */ = {
			isa = PBXGroup;
			children = (
				7C70D42C1F94DD720067772E /* DynamicSwift.app */,
				7C70D4401F94DD730067772E /* DynamicSwiftTests.xctest */,
				7C70D44B1F94DD730067772E /* DynamicSwiftUITests.xctest */,
			);
			name = Products;
			sourceTree = "<group>";
		};
		7C70D42E1F94DD720067772E /* DynamicSwift */ = {
			isa = PBXGroup;
			children = (
				7C70D42F1F94DD720067772E /* AppDelegate.swift */,
				7C70D4311F94DD720067772E /* ViewController.swift */,
				7C70D4611F94DDB30067772E /* Custom Cell */,
				7C70D4331F94DD720067772E /* Main.storyboard */,
				7C70D4361F94DD720067772E /* Assets.xcassets */,
				7C70D4381F94DD720067772E /* LaunchScreen.storyboard */,
				7C70D43B1F94DD720067772E /* Info.plist */,
				7C70D4621F94E7950067772E /* CustomCollectionViewController.swift */,
				7C70D4641F94E9000067772E /* CustomCollectionViewCell.swift */,
				7C70D4651F94E9000067772E /* CustomCollectionViewCell.xib */,
			);
			path = DynamicSwift;
			sourceTree = "<group>";
		};
		7C70D4431F94DD730067772E /* DynamicSwiftTests */ = {
			isa = PBXGroup;
			children = (
				7C70D4441F94DD730067772E /* DynamicSwiftTests.swift */,
				7C70D4461F94DD730067772E /* Info.plist */,
			);
			path = DynamicSwiftTests;
			sourceTree = "<group>";
		};
		7C70D44E1F94DD730067772E /* DynamicSwiftUITests */ = {
			isa = PBXGroup;
			children = (
				7C70D44F1F94DD730067772E /* DynamicSwiftUITests.swift */,
				7C70D4511F94DD730067772E /* Info.plist */,
			);
			path = DynamicSwiftUITests;
			sourceTree = "<group>";
		};
		7C70D4611F94DDB30067772E /* Custom Cell */ = {
			isa = PBXGroup;
			children = (
				7C70D45D1F94DDAC0067772E /* CustomTableViewCell.swift */,
				7C70D45E1F94DDAC0067772E /* CustomTableViewCell.xib */,
			);
			path = "Custom Cell";
			sourceTree = "<group>";
		};
/* End PBXGroup section */

/* Begin PBXNativeTarget section */
		7C70D42B1F94DD720067772E /* DynamicSwift */ = {
			isa = PBXNativeTarget;
			buildConfigurationList = 7C70D4541F94DD730067772E /* Build configuration list for PBXNativeTarget "DynamicSwift" */;
			buildPhases = (
				7C70D4281F94DD720067772E /* Sources */,
				7C70D4291F94DD720067772E /* Frameworks */,
				7C70D42A1F94DD720067772E /* Resources */,
			);
			buildRules = (
			);
			dependencies = (
			);
			name = DynamicSwift;
			productName = DynamicSwift;
			productReference = 7C70D42C1F94DD720067772E /* DynamicSwift.app */;
			productType = "com.apple.product-type.application";
		};
		7C70D43F1F94DD730067772E /* DynamicSwiftTests */ = {
			isa = PBXNativeTarget;
			buildConfigurationList = 7C70D4571F94DD730067772E /* Build configuration list for PBXNativeTarget "DynamicSwiftTests" */;
			buildPhases = (
				7C70D43C1F94DD730067772E /* Sources */,
				7C70D43D1F94DD730067772E /* Frameworks */,
				7C70D43E1F94DD730067772E /* Resources */,
			);
			buildRules = (
			);
			dependencies = (
				7C70D4421F94DD730067772E /* PBXTargetDependency */,
			);
			name = DynamicSwiftTests;
			productName = DynamicSwiftTests;
			productReference = 7C70D4401F94DD730067772E /* DynamicSwiftTests.xctest */;
			productType = "com.apple.product-type.bundle.unit-test";
		};
		7C70D44A1F94DD730067772E /* DynamicSwiftUITests */ = {
			isa = PBXNativeTarget;
			buildConfigurationList = 7C70D45A1F94DD730067772E /* Build configuration list for PBXNativeTarget "DynamicSwiftUITests" */;
			buildPhases = (
				7C70D4471F94DD730067772E /* Sources */,
				7C70D4481F94DD730067772E /* Frameworks */,
				7C70D4491F94DD730067772E /* Resources */,
			);
			buildRules = (
			);
			dependencies = (
				7C70D44D1F94DD730067772E /* PBXTargetDependency */,
			);
			name = DynamicSwiftUITests;
			productName = DynamicSwiftUITests;
			productReference = 7C70D44B1F94DD730067772E /* DynamicSwiftUITests.xctest */;
			productType = "com.apple.product-type.bundle.ui-testing";
		};
/* End PBXNativeTarget section */

/* Begin PBXProject section */
		7C70D4241F94DD720067772E /* Project object */ = {
			isa = PBXProject;
			attributes = {
				LastSwiftUpdateCheck = 0900;
				LastUpgradeCheck = 0900;
				ORGANIZATIONNAME = "Ildar Zalyalov";
				TargetAttributes = {
					7C70D42B1F94DD720067772E = {
						CreatedOnToolsVersion = 9.0;
						ProvisioningStyle = Automatic;
					};
					7C70D43F1F94DD730067772E = {
						CreatedOnToolsVersion = 9.0;
						ProvisioningStyle = Automatic;
						TestTargetID = 7C70D42B1F94DD720067772E;
					};
					7C70D44A1F94DD730067772E = {
						CreatedOnToolsVersion = 9.0;
						ProvisioningStyle = Automatic;
						TestTargetID = 7C70D42B1F94DD720067772E;
					};
				};
			};
			buildConfigurationList = 7C70D4271F94DD720067772E /* Build configuration list for PBXProject "DynamicSwift" */;
			compatibilityVersion = "Xcode 8.0";
			developmentRegion = en;
			hasScannedForEncodings = 0;
			knownRegions = (
				en,
				Base,
			);
			mainGroup = 7C70D4231F94DD720067772E;
			productRefGroup = 7C70D42D1F94DD720067772E /* Products */;
			projectDirPath = "";
			projectRoot = "";
			targets = (
				7C70D42B1F94DD720067772E /* DynamicSwift */,
				7C70D43F1F94DD730067772E /* DynamicSwiftTests */,
				7C70D44A1F94DD730067772E /* DynamicSwiftUITests */,
			);
		};
/* End PBXProject section */

/* Begin PBXResourcesBuildPhase section */
		7C70D42A1F94DD720067772E /* Resources */ = {
			isa = PBXResourcesBuildPhase;
			buildActionMask = 2147483647;
			files = (
				7C70D43A1F94DD720067772E /* LaunchScreen.storyboard in Resources */,
				7C70D4371F94DD720067772E /* Assets.xcassets in Resources */,
				7C70D4601F94DDAC0067772E /* CustomTableViewCell.xib in Resources */,
				7C70D4671F94E9000067772E /* CustomCollectionViewCell.xib in Resources */,
				7C70D4351F94DD720067772E /* Main.storyboard in Resources */,
			);
			runOnlyForDeploymentPostprocessing = 0;
		};
		7C70D43E1F94DD730067772E /* Resources */ = {
			isa = PBXResourcesBuildPhase;
			buildActionMask = 2147483647;
			files = (
			);
			runOnlyForDeploymentPostprocessing = 0;
		};
		7C70D4491F94DD730067772E /* Resources */ = {
			isa = PBXResourcesBuildPhase;
			buildActionMask = 2147483647;
			files = (
			);
			runOnlyForDeploymentPostprocessing = 0;
		};
/* End PBXResourcesBuildPhase section */

/* Begin PBXSourcesBuildPhase section */
		7C70D4281F94DD720067772E /* Sources */ = {
			isa = PBXSourcesBuildPhase;
			buildActionMask = 2147483647;
			files = (
				7C70D45F1F94DDAC0067772E /* CustomTableViewCell.swift in Sources */,
				7C70D4661F94E9000067772E /* CustomCollectionViewCell.swift in Sources */,
				7C70D4631F94E7950067772E /* CustomCollectionViewController.swift in Sources */,
				7C70D4321F94DD720067772E /* ViewController.swift in Sources */,
				7C70D4301F94DD720067772E /* AppDelegate.swift in Sources */,
			);
			runOnlyForDeploymentPostprocessing = 0;
		};
		7C70D43C1F94DD730067772E /* Sources */ = {
			isa = PBXSourcesBuildPhase;
			buildActionMask = 2147483647;
			files = (
				7C70D4451F94DD730067772E /* DynamicSwiftTests.swift in Sources */,
			);
			runOnlyForDeploymentPostprocessing = 0;
		};
		7C70D4471F94DD730067772E /* Sources */ = {
			isa = PBXSourcesBuildPhase;
			buildActionMask = 2147483647;
			files = (
				7C70D4501F94DD730067772E /* DynamicSwiftUITests.swift in Sources */,
			);
			runOnlyForDeploymentPostprocessing = 0;
		};
/* End PBXSourcesBuildPhase section */

/* Begin PBXTargetDependency section */
		7C70D4421F94DD730067772E /* PBXTargetDependency */ = {
			isa = PBXTargetDependency;
			target = 7C70D42B1F94DD720067772E /* DynamicSwift */;
			targetProxy = 7C70D4411F94DD730067772E /* PBXContainerItemProxy */;
		};
		7C70D44D1F94DD730067772E /* PBXTargetDependency */ = {
			isa = PBXTargetDependency;
			target = 7C70D42B1F94DD720067772E /* DynamicSwift */;
			targetProxy = 7C70D44C1F94DD730067772E /* PBXContainerItemProxy */;
		};
/* End PBXTargetDependency section */

/* Begin PBXVariantGroup section */
		7C70D4331F94DD720067772E /* Main.storyboard */ = {
			isa = PBXVariantGroup;
			children = (
				7C70D4341F94DD720067772E /* Base */,
			);
			name = Main.storyboard;
			sourceTree = "<group>";
		};
		7C70D4381F94DD720067772E /* LaunchScreen.storyboard */ = {
			isa = PBXVariantGroup;
			children = (
				7C70D4391F94DD720067772E /* Base */,
			);
			name = LaunchScreen.storyboard;
			sourceTree = "<group>";
		};
/* End PBXVariantGroup section */

/* Begin XCBuildConfiguration section */
		7C70D4521F94DD730067772E /* Debug */ = {
			isa = XCBuildConfiguration;
			buildSettings = {
				ALWAYS_SEARCH_USER_PATHS = NO;
				CLANG_ANALYZER_NONNULL = YES;
				CLANG_ANALYZER_NUMBER_OBJECT_CONVERSION = YES_AGGRESSIVE;
				CLANG_CXX_LANGUAGE_STANDARD = "gnu++14";
				CLANG_CXX_LIBRARY = "libc++";
				CLANG_ENABLE_MODULES = YES;
				CLANG_ENABLE_OBJC_ARC = YES;
				CLANG_WARN_BLOCK_CAPTURE_AUTORELEASING = YES;
				CLANG_WARN_BOOL_CONVERSION = YES;
				CLANG_WARN_COMMA = YES;
				CLANG_WARN_CONSTANT_CONVERSION = YES;
				CLANG_WARN_DIRECT_OBJC_ISA_USAGE = YES_ERROR;
				CLANG_WARN_DOCUMENTATION_COMMENTS = YES;
				CLANG_WARN_EMPTY_BODY = YES;
				CLANG_WARN_ENUM_CONVERSION = YES;
				CLANG_WARN_INFINITE_RECURSION = YES;
				CLANG_WARN_INT_CONVERSION = YES;
				CLANG_WARN_NON_LITERAL_NULL_CONVERSION = YES;
				CLANG_WARN_OBJC_LITERAL_CONVERSION = YES;
				CLANG_WARN_OBJC_ROOT_CLASS = YES_ERROR;
				CLANG_WARN_RANGE_LOOP_ANALYSIS = YES;
				CLANG_WARN_STRICT_PROTOTYPES = YES;
				CLANG_WARN_SUSPICIOUS_MOVE = YES;
				CLANG_WARN_UNGUARDED_AVAILABILITY = YES_AGGRESSIVE;
				CLANG_WARN_UNREACHABLE_CODE = YES;
				CLANG_WARN__DUPLICATE_METHOD_MATCH = YES;
				CODE_SIGN_IDENTITY = "iPhone Developer";
				COPY_PHASE_STRIP = NO;
				DEBUG_INFORMATION_FORMAT = dwarf;
				ENABLE_STRICT_OBJC_MSGSEND = YES;
				ENABLE_TESTABILITY = YES;
				GCC_C_LANGUAGE_STANDARD = gnu11;
				GCC_DYNAMIC_NO_PIC = NO;
				GCC_NO_COMMON_BLOCKS = YES;
				GCC_OPTIMIZATION_LEVEL = 0;
				GCC_PREPROCESSOR_DEFINITIONS = (
					"DEBUG=1",
					"$(inherited)",
				);
				GCC_WARN_64_TO_32_BIT_CONVERSION = YES;
				GCC_WARN_ABOUT_RETURN_TYPE = YES_ERROR;
				GCC_WARN_UNDECLARED_SELECTOR = YES;
				GCC_WARN_UNINITIALIZED_AUTOS = YES_AGGRESSIVE;
				GCC_WARN_UNUSED_FUNCTION = YES;
				GCC_WARN_UNUSED_VARIABLE = YES;
				IPHONEOS_DEPLOYMENT_TARGET = 11.0;
				MTL_ENABLE_DEBUG_INFO = YES;
				ONLY_ACTIVE_ARCH = YES;
				SDKROOT = iphoneos;
				SWIFT_ACTIVE_COMPILATION_CONDITIONS = DEBUG;
				SWIFT_OPTIMIZATION_LEVEL = "-Onone";
			};
			name = Debug;
		};
		7C70D4531F94DD730067772E /* Release */ = {
			isa = XCBuildConfiguration;
			buildSettings = {
				ALWAYS_SEARCH_USER_PATHS = NO;
				CLANG_ANALYZER_NONNULL = YES;
				CLANG_ANALYZER_NUMBER_OBJECT_CONVERSION = YES_AGGRESSIVE;
				CLANG_CXX_LANGUAGE_STANDARD = "gnu++14";
				CLANG_CXX_LIBRARY = "libc++";
				CLANG_ENABLE_MODULES = YES;
				CLANG_ENABLE_OBJC_ARC = YES;
				CLANG_WARN_BLOCK_CAPTURE_AUTORELEASING = YES;
				CLANG_WARN_BOOL_CONVERSION = YES;
				CLANG_WARN_COMMA = YES;
				CLANG_WARN_CONSTANT_CONVERSION = YES;
				CLANG_WARN_DIRECT_OBJC_ISA_USAGE = YES_ERROR;
				CLANG_WARN_DOCUMENTATION_COMMENTS = YES;
				CLANG_WARN_EMPTY_BODY = YES;
				CLANG_WARN_ENUM_CONVERSION = YES;
				CLANG_WARN_INFINITE_RECURSION = YES;
				CLANG_WARN_INT_CONVERSION = YES;
				CLANG_WARN_NON_LITERAL_NULL_CONVERSION = YES;
				CLANG_WARN_OBJC_LITERAL_CONVERSION = YES;
				CLANG_WARN_OBJC_ROOT_CLASS = YES_ERROR;
				CLANG_WARN_RANGE_LOOP_ANALYSIS = YES;
				CLANG_WARN_STRICT_PROTOTYPES = YES;
				CLANG_WARN_SUSPICIOUS_MOVE = YES;
				CLANG_WARN_UNGUARDED_AVAILABILITY = YES_AGGRESSIVE;
				CLANG_WARN_UNREACHABLE_CODE = YES;
				CLANG_WARN__DUPLICATE_METHOD_MATCH = YES;
				CODE_SIGN_IDENTITY = "iPhone Developer";
				COPY_PHASE_STRIP = NO;
				DEBUG_INFORMATION_FORMAT = "dwarf-with-dsym";
				ENABLE_NS_ASSERTIONS = NO;
				ENABLE_STRICT_OBJC_MSGSEND = YES;
				GCC_C_LANGUAGE_STANDARD = gnu11;
				GCC_NO_COMMON_BLOCKS = YES;
				GCC_WARN_64_TO_32_BIT_CONVERSION = YES;
				GCC_WARN_ABOUT_RETURN_TYPE = YES_ERROR;
				GCC_WARN_UNDECLARED_SELECTOR = YES;
				GCC_WARN_UNINITIALIZED_AUTOS = YES_AGGRESSIVE;
				GCC_WARN_UNUSED_FUNCTION = YES;
				GCC_WARN_UNUSED_VARIABLE = YES;
				IPHONEOS_DEPLOYMENT_TARGET = 11.0;
				MTL_ENABLE_DEBUG_INFO = NO;
				SDKROOT = iphoneos;
				SWIFT_OPTIMIZATION_LEVEL = "-Owholemodule";
				VALIDATE_PRODUCT = YES;
			};
			name = Release;
		};
		7C70D4551F94DD730067772E /* Debug */ = {
			isa = XCBuildConfiguration;
			buildSettings = {
				ASSETCATALOG_COMPILER_APPICON_NAME = AppIcon;
				CODE_SIGN_STYLE = Automatic;
				INFOPLIST_FILE = DynamicSwift/Info.plist;
				LD_RUNPATH_SEARCH_PATHS = "$(inherited) @executable_path/Frameworks";
				PRODUCT_BUNDLE_IDENTIFIER = itisioslab.DynamicSwift;
				PRODUCT_NAME = "$(TARGET_NAME)";
				SWIFT_VERSION = 4.0;
				TARGETED_DEVICE_FAMILY = "1,2";
			};
			name = Debug;
		};
		7C70D4561F94DD730067772E /* Release */ = {
			isa = XCBuildConfiguration;
			buildSettings = {
				ASSETCATALOG_COMPILER_APPICON_NAME = AppIcon;
				CODE_SIGN_STYLE = Automatic;
				INFOPLIST_FILE = DynamicSwift/Info.plist;
				LD_RUNPATH_SEARCH_PATHS = "$(inherited) @executable_path/Frameworks";
				PRODUCT_BUNDLE_IDENTIFIER = itisioslab.DynamicSwift;
				PRODUCT_NAME = "$(TARGET_NAME)";
				SWIFT_VERSION = 4.0;
				TARGETED_DEVICE_FAMILY = "1,2";
			};
			name = Release;
		};
		7C70D4581F94DD730067772E /* Debug */ = {
			isa = XCBuildConfiguration;
			buildSettings = {
				ALWAYS_EMBED_SWIFT_STANDARD_LIBRARIES = YES;
				BUNDLE_LOADER = "$(TEST_HOST)";
				CODE_SIGN_STYLE = Automatic;
				INFOPLIST_FILE = DynamicSwiftTests/Info.plist;
				LD_RUNPATH_SEARCH_PATHS = "$(inherited) @executable_path/Frameworks @loader_path/Frameworks";
				PRODUCT_BUNDLE_IDENTIFIER = itisioslab.DynamicSwiftTests;
				PRODUCT_NAME = "$(TARGET_NAME)";
				SWIFT_VERSION = 4.0;
				TARGETED_DEVICE_FAMILY = "1,2";
				TEST_HOST = "$(BUILT_PRODUCTS_DIR)/DynamicSwift.app/DynamicSwift";
			};
			name = Debug;
		};
		7C70D4591F94DD730067772E /* Release */ = {
			isa = XCBuildConfiguration;
			buildSettings = {
				ALWAYS_EMBED_SWIFT_STANDARD_LIBRARIES = YES;
				BUNDLE_LOADER = "$(TEST_HOST)";
				CODE_SIGN_STYLE = Automatic;
				INFOPLIST_FILE = DynamicSwiftTests/Info.plist;
				LD_RUNPATH_SEARCH_PATHS = "$(inherited) @executable_path/Frameworks @loader_path/Frameworks";
				PRODUCT_BUNDLE_IDENTIFIER = itisioslab.DynamicSwiftTests;
				PRODUCT_NAME = "$(TARGET_NAME)";
				SWIFT_VERSION = 4.0;
				TARGETED_DEVICE_FAMILY = "1,2";
				TEST_HOST = "$(BUILT_PRODUCTS_DIR)/DynamicSwift.app/DynamicSwift";
			};
			name = Release;
		};
		7C70D45B1F94DD730067772E /* Debug */ = {
			isa = XCBuildConfiguration;
			buildSettings = {
				ALWAYS_EMBED_SWIFT_STANDARD_LIBRARIES = YES;
				CODE_SIGN_STYLE = Automatic;
				INFOPLIST_FILE = DynamicSwiftUITests/Info.plist;
				LD_RUNPATH_SEARCH_PATHS = "$(inherited) @executable_path/Frameworks @loader_path/Frameworks";
				PRODUCT_BUNDLE_IDENTIFIER = itisioslab.DynamicSwiftUITests;
				PRODUCT_NAME = "$(TARGET_NAME)";
				SWIFT_VERSION = 4.0;
				TARGETED_DEVICE_FAMILY = "1,2";
				TEST_TARGET_NAME = DynamicSwift;
			};
			name = Debug;
		};
		7C70D45C1F94DD730067772E /* Release */ = {
			isa = XCBuildConfiguration;
			buildSettings = {
				ALWAYS_EMBED_SWIFT_STANDARD_LIBRARIES = YES;
				CODE_SIGN_STYLE = Automatic;
				INFOPLIST_FILE = DynamicSwiftUITests/Info.plist;
				LD_RUNPATH_SEARCH_PATHS = "$(inherited) @executable_path/Frameworks @loader_path/Frameworks";
				PRODUCT_BUNDLE_IDENTIFIER = itisioslab.DynamicSwiftUITests;
				PRODUCT_NAME = "$(TARGET_NAME)";
				SWIFT_VERSION = 4.0;
				TARGETED_DEVICE_FAMILY = "1,2";
				TEST_TARGET_NAME = DynamicSwift;
			};
			name = Release;
		};
/* End XCBuildConfiguration section */

/* Begin XCConfigurationList section */
		7C70D4271F94DD720067772E /* Build configuration list for PBXProject "DynamicSwift" */ = {
			isa = XCConfigurationList;
			buildConfigurations = (
				7C70D4521F94DD730067772E /* Debug */,
				7C70D4531F94DD730067772E /* Release */,
			);
			defaultConfigurationIsVisible = 0;
			defaultConfigurationName = Release;
		};
		7C70D4541F94DD730067772E /* Build configuration list for PBXNativeTarget "DynamicSwift" */ = {
			isa = XCConfigurationList;
			buildConfigurations = (
				7C70D4551F94DD730067772E /* Debug */,
				7C70D4561F94DD730067772E /* Release */,
			);
			defaultConfigurationIsVisible = 0;
			defaultConfigurationName = Release;
		};
		7C70D4571F94DD730067772E /* Build configuration list for PBXNativeTarget "DynamicSwiftTests" */ = {
			isa = XCConfigurationList;
			buildConfigurations = (
				7C70D4581F94DD730067772E /* Debug */,
				7C70D4591F94DD730067772E /* Release */,
			);
			defaultConfigurationIsVisible = 0;
			defaultConfigurationName = Release;
		};
		7C70D45A1F94DD730067772E /* Build configuration list for PBXNativeTarget "DynamicSwiftUITests" */ = {
			isa = XCConfigurationList;
			buildConfigurations = (
				7C70D45B1F94DD730067772E /* Debug */,
				7C70D45C1F94DD730067772E /* Release */,
			);
			defaultConfigurationIsVisible = 0;
			defaultConfigurationName = Release;
		};
/* End XCConfigurationList section */
	};
	rootObject = 7C70D4241F94DD720067772E /* Project object */;
}
